{
  "nodes": {
    "agenix": {
      "inputs": {
        "darwin": [],
        "home-manager": [],
        "nixpkgs": [
          "nixpkgs"
        ],
        "systems": [
          "systems"
        ]
      },
      "locked": {
        "lastModified": 1770165109,
        "narHash": "sha256-9VnK6Oqai65puVJ4WYtCTvlJeXxMzAp/69HhQuTdl/I=",
        "owner": "ryantm",
        "repo": "agenix",
        "rev": "b027ee29d959fda4b60b57566d64c98a202e0feb",
        "type": "github"
      },
      "original": {
        "owner": "ryantm",
        "repo": "agenix",
        "type": "github"
      }
    },
    "agenix-rekey": {
      "inputs": {
        "devshell": "devshell",
        "flake-parts": "flake-parts",
        "nixpkgs": [
          "nixpkgs"
        ],
        "pre-commit-hooks": "pre-commit-hooks",
        "treefmt-nix": "treefmt-nix"
      },
      "locked": {
        "lastModified": 1770542767,
        "narHash": "sha256-rk4XpTlPSoRRWhbKrwCXbq2txXkgJKgKzhHZRwp0jig=",
        "owner": "IanHollow",
        "repo": "agenix-rekey",
        "rev": "70f9a2d9fea6865d416374a6dd29630ed536b12f",
        "type": "github"
      },
      "original": {
        "owner": "IanHollow",
        "ref": "fix-string-context-derivation-warning",
        "repo": "agenix-rekey",
        "type": "github"
      }
    },
    "base16": {
      "inputs": {
        "fromYaml": "fromYaml"
      },
      "locked": {
        "lastModified": 1755819240,
        "narHash": "sha256-qcMhnL7aGAuFuutH4rq9fvAhCpJWVHLcHVZLtPctPlo=",
        "owner": "SenchoPens",
        "repo": "base16.nix",
        "rev": "75ed5e5e3fce37df22e49125181fa37899c3ccd6",
        "type": "github"
      },
      "original": {
        "owner": "SenchoPens",
        "repo": "base16.nix",
        "type": "github"
      }
    },
    "base16-fish": {
      "flake": false,
      "locked": {
        "lastModified": 1765809053,
        "narHash": "sha256-XCUQLoLfBJ8saWms2HCIj4NEN+xNsWBlU1NrEPcQG4s=",
        "owner": "tomyun",
        "repo": "base16-fish",
        "rev": "86cbea4dca62e08fb7fd83a70e96472f92574782",
        "type": "github"
      },
      "original": {
        "owner": "tomyun",
        "repo": "base16-fish",
        "rev": "86cbea4dca62e08fb7fd83a70e96472f92574782",
        "type": "github"
      }
    },
    "base16-helix": {
      "flake": false,
      "locked": {
        "lastModified": 1760703920,
        "narHash": "sha256-m82fGUYns4uHd+ZTdoLX2vlHikzwzdu2s2rYM2bNwzw=",
        "owner": "tinted-theming",
        "repo": "base16-helix",
        "rev": "d646af9b7d14bff08824538164af99d0c521b185",
        "type": "github"
      },
      "original": {
        "owner": "tinted-theming",
        "repo": "base16-helix",
        "type": "github"
      }
    },
    "base16-vim": {
      "flake": false,
      "locked": {
        "lastModified": 1732806396,
        "narHash": "sha256-e0bpPySdJf0F68Ndanwm+KWHgQiZ0s7liLhvJSWDNsA=",
        "owner": "tinted-theming",
        "repo": "base16-vim",
        "rev": "577fe8125d74ff456cf942c733a85d769afe58b7",
        "type": "github"
      },
      "original": {
        "owner": "tinted-theming",
        "repo": "base16-vim",
        "rev": "577fe8125d74ff456cf942c733a85d769afe58b7",
        "type": "github"
      }
    },
    "determinate": {
      "inputs": {
        "determinate-nixd-aarch64-darwin": "determinate-nixd-aarch64-darwin",
        "determinate-nixd-aarch64-linux": "determinate-nixd-aarch64-linux",
        "determinate-nixd-x86_64-linux": "determinate-nixd-x86_64-linux",
        "nix": "nix",
        "nixpkgs": "nixpkgs_2"
      },
      "locked": {
        "lastModified": 1770325739,
        "narHash": "sha256-TPDWnhzKW/1+FPMiagZ9mZiQN0aKcGC09yYSUBuv8Mo=",
        "owner": "DeterminateSystems",
        "repo": "determinate",
        "rev": "1b3259b71c81508ffd409114525df6a55c0f337f",
        "type": "github"
      },
      "original": {
        "owner": "DeterminateSystems",
        "repo": "determinate",
        "type": "github"
      }
    },
    "determinate-nixd-aarch64-darwin": {
      "flake": false,
      "locked": {
        "narHash": "sha256-zK2dgNHh/p92rk5jN+Y1LOMn0HEdTsS+7XXwb2g52oM=",
        "type": "file",
        "url": "https://install.determinate.systems/determinate-nixd/tag/v3.15.2/macOS"
      },
      "original": {
        "type": "file",
        "url": "https://install.determinate.systems/determinate-nixd/tag/v3.15.2/macOS"
      }
    },
    "determinate-nixd-aarch64-linux": {
      "flake": false,
      "locked": {
        "narHash": "sha256-ckvZP0zFcbzLXWYOJUqYXkKBt0b2IZcQEr7YjEVtwOI=",
        "type": "file",
        "url": "https://install.determinate.systems/determinate-nixd/tag/v3.15.2/aarch64-linux"
      },
      "original": {
        "type": "file",
        "url": "https://install.determinate.systems/determinate-nixd/tag/v3.15.2/aarch64-linux"
      }
    },
    "determinate-nixd-x86_64-linux": {
      "flake": false,
      "locked": {
        "narHash": "sha256-8dLtm8FJrpyBmrNpspJj30/6I5HGEfjjXuFqURcZ8pk=",
        "type": "file",
        "url": "https://install.determinate.systems/determinate-nixd/tag/v3.15.2/x86_64-linux"
      },
      "original": {
        "type": "file",
        "url": "https://install.determinate.systems/determinate-nixd/tag/v3.15.2/x86_64-linux"
      }
    },
    "devshell": {
      "inputs": {
        "nixpkgs": [
          "agenix-rekey",
          "nixpkgs"
        ]
      },
      "locked": {
        "lastModified": 1728330715,
        "narHash": "sha256-xRJ2nPOXb//u1jaBnDP56M7v5ldavjbtR6lfGqSvcKg=",
        "owner": "numtide",
        "repo": "devshell",
        "rev": "dd6b80932022cea34a019e2bb32f6fa9e494dfef",
        "type": "github"
      },
      "original": {
        "owner": "numtide",
        "repo": "devshell",
        "type": "github"
      }
    },
    "disko": {
      "inputs": {
        "nixpkgs": [
          "nixpkgs"
        ]
      },
      "locked": {
        "lastModified": 1769524058,
        "narHash": "sha256-zygdD6X1PcVNR2PsyK4ptzrVEiAdbMqLos7utrMDEWE=",
        "owner": "nix-community",
        "repo": "disko",
        "rev": "71a3fc97d80881e91710fe721f1158d3b96ae14d",
        "type": "github"
      },
      "original": {
        "owner": "nix-community",
        "repo": "disko",
        "type": "github"
      }
    },
    "firefox-betterfox": {
      "flake": false,
      "locked": {
        "lastModified": 1769104536,
        "narHash": "sha256-D2MIFdYMS3xrfO2vDYjCmC3Ah96jg5XUzvwMX3xJQBo=",
        "owner": "yokoffing",
        "repo": "Betterfox",
        "rev": "310cbdee6ca20eb881749a559cb572ce9272a981",
        "type": "github"
      },
      "original": {
        "owner": "yokoffing",
        "repo": "Betterfox",
        "type": "github"
      }
    },
    "firefox-gnome-theme": {
      "flake": false,
      "locked": {
        "lastModified": 1764873433,
        "narHash": "sha256-1XPewtGMi+9wN9Ispoluxunw/RwozuTRVuuQOmxzt+A=",
        "owner": "rafaelmardojai",
        "repo": "firefox-gnome-theme",
        "rev": "f7ffd917ac0d253dbd6a3bf3da06888f57c69f92",
        "type": "github"
      },
      "original": {
        "owner": "rafaelmardojai",
        "repo": "firefox-gnome-theme",
        "type": "github"
      }
    },
    "firefox-ui-fix": {
      "flake": false,
      "locked": {
        "lastModified": 1770336372,
        "narHash": "sha256-024NEDiKxlmXeeHiw6d5DYA1SMd0nTzYo+XFklqUvAQ=",
        "owner": "black7375",
        "repo": "Firefox-UI-Fix",
        "rev": "2303f28070a60eb4a4a848001d37a84f3ac37acb",
        "type": "github"
      },
      "original": {
        "owner": "black7375",
        "repo": "Firefox-UI-Fix",
        "type": "github"
      }
    },
    "flake-compat": {
      "flake": false,
      "locked": {
        "lastModified": 1696426674,
        "narHash": "sha256-kvjfFW7WAETZlt09AgDn1MrtKzP7t90Vf7vypd3OL1U=",
        "owner": "edolstra",
        "repo": "flake-compat",
        "rev": "0f9255e01c2351cc7d116c072cb317785dd33b33",
        "type": "github"
      },
      "original": {
        "owner": "edolstra",
        "repo": "flake-compat",
        "type": "github"
      }
    },
    "flake-compat_2": {
      "flake": false,
      "locked": {
        "lastModified": 1767039857,
        "narHash": "sha256-vNpUSpF5Nuw8xvDLj2KCwwksIbjua2LZCqhV1LNRDns=",
        "owner": "NixOS",
        "repo": "flake-compat",
        "rev": "5edf11c44bc78a0d334f6334cdaf7d60d732daab",
        "type": "github"
      },
      "original": {
        "owner": "NixOS",
        "repo": "flake-compat",
        "type": "github"
      }
    },
    "flake-compat_3": {
      "flake": false,
      "locked": {
        "lastModified": 1751685974,
        "narHash": "sha256-NKw96t+BgHIYzHUjkTK95FqYRVKB8DHpVhefWSz/kTw=",
        "ref": "refs/heads/main",
        "rev": "549f2762aebeff29a2e5ece7a7dc0f955281a1d1",
        "revCount": 92,
        "type": "git",
        "url": "https://git.lix.systems/lix-project/flake-compat.git"
      },
      "original": {
        "type": "git",
        "url": "https://git.lix.systems/lix-project/flake-compat.git"
      }
    },
    "flake-parts": {
      "inputs": {
        "nixpkgs-lib": [
          "agenix-rekey",
          "nixpkgs"
        ]
      },
      "locked": {
        "lastModified": 1733312601,
        "narHash": "sha256-4pDvzqnegAfRkPwO3wmwBhVi/Sye1mzps0zHWYnP88c=",
        "owner": "hercules-ci",
        "repo": "flake-parts",
        "rev": "205b12d8b7cd4802fbcb8e8ef6a0f1408781a4f9",
        "type": "github"
      },
      "original": {
        "owner": "hercules-ci",
        "repo": "flake-parts",
        "type": "github"
      }
    },
    "flake-parts_2": {
      "inputs": {
        "nixpkgs-lib": [
          "determinate",
          "nix",
          "nixpkgs"
        ]
      },
      "locked": {
        "lastModified": 1769996383,
        "narHash": "sha256-AnYjnFWgS49RlqX7LrC4uA+sCCDBj0Ry/WOJ5XWAsa0=",
        "rev": "57928607ea566b5db3ad13af0e57e921e6b12381",
        "revCount": 442,
        "type": "tarball",
        "url": "https://api.flakehub.com/f/pinned/hercules-ci/flake-parts/0.1.442%2Brev-57928607ea566b5db3ad13af0e57e921e6b12381/019c1cea-7090-7d32-9a74-9794d2b26381/source.tar.gz"
      },
      "original": {
        "type": "tarball",
        "url": "https://flakehub.com/f/hercules-ci/flake-parts/0.1"
      }
    },
    "flake-parts_3": {
      "inputs": {
        "nixpkgs-lib": [
          "nixpkgs"
        ]
      },
      "locked": {
        "lastModified": 1769996383,
        "narHash": "sha256-AnYjnFWgS49RlqX7LrC4uA+sCCDBj0Ry/WOJ5XWAsa0=",
        "owner": "hercules-ci",
        "repo": "flake-parts",
        "rev": "57928607ea566b5db3ad13af0e57e921e6b12381",
        "type": "github"
      },
      "original": {
        "owner": "hercules-ci",
        "repo": "flake-parts",
        "type": "github"
      }
    },
    "fromYaml": {
      "flake": false,
      "locked": {
        "lastModified": 1731966426,
        "narHash": "sha256-lq95WydhbUTWig/JpqiB7oViTcHFP8Lv41IGtayokA8=",
        "owner": "SenchoPens",
        "repo": "fromYaml",
        "rev": "106af9e2f715e2d828df706c386a685698f3223b",
        "type": "github"
      },
      "original": {
        "owner": "SenchoPens",
        "repo": "fromYaml",
        "type": "github"
      }
    },
    "git-hooks-nix": {
      "inputs": {
        "flake-compat": "flake-compat_2",
        "gitignore": [
          "determinate",
          "nix"
        ],
        "nixpkgs": [
          "determinate",
          "nix",
          "nixpkgs"
        ]
      },
      "locked": {
        "lastModified": 1769939035,
        "narHash": "sha256-Fok2AmefgVA0+eprw2NDwqKkPGEI5wvR+twiZagBvrg=",
        "rev": "a8ca480175326551d6c4121498316261cbb5b260",
        "revCount": 1161,
        "type": "tarball",
        "url": "https://api.flakehub.com/f/pinned/cachix/git-hooks.nix/0.1.1161%2Brev-a8ca480175326551d6c4121498316261cbb5b260/019c1a4c-1020-7b2d-9a32-2386362b04c5/source.tar.gz"
      },
      "original": {
        "type": "tarball",
        "url": "https://flakehub.com/f/cachix/git-hooks.nix/0.1.941"
      }
    },
    "gitignore": {
      "inputs": {
        "nixpkgs": [
          "agenix-rekey",
          "pre-commit-hooks",
          "nixpkgs"
        ]
      },
      "locked": {
        "lastModified": 1709087332,
        "narHash": "sha256-HG2cCnktfHsKV0s4XW83gU3F57gaTljL9KNSuG6bnQs=",
        "owner": "hercules-ci",
        "repo": "gitignore.nix",
        "rev": "637db329424fd7e46cf4185293b9cc8c88c95394",
        "type": "github"
      },
      "original": {
        "owner": "hercules-ci",
        "repo": "gitignore.nix",
        "type": "github"
      }
    },
    "gnome-shell": {
      "flake": false,
      "locked": {
        "host": "gitlab.gnome.org",
        "lastModified": 1767737596,
        "narHash": "sha256-eFujfIUQDgWnSJBablOuG+32hCai192yRdrNHTv0a+s=",
        "owner": "GNOME",
        "repo": "gnome-shell",
        "rev": "ef02db02bf0ff342734d525b5767814770d85b49",
        "type": "gitlab"
      },
      "original": {
        "host": "gitlab.gnome.org",
        "owner": "GNOME",
        "ref": "gnome-49",
        "repo": "gnome-shell",
        "type": "gitlab"
      }
    },
    "home-manager": {
      "inputs": {
        "nixpkgs": [
          "nixpkgs"
        ]
      },
      "locked": {
        "lastModified": 1770318660,
        "narHash": "sha256-yFVde8QZK7Dc0Xa8eQDsmxLX4NJNfL1NKfctSyiQgMY=",
        "owner": "nix-community",
        "repo": "home-manager",
        "rev": "471e6a065f9efed51488d7c51a9abbd387df91b8",
        "type": "github"
      },
      "original": {
        "owner": "nix-community",
        "repo": "home-manager",
        "type": "github"
      }
    },
    "mnw": {
      "locked": {
        "lastModified": 1769981889,
        "narHash": "sha256-ndI7AxL/6auelkLHngdUGVImBiHkG8w2N2fOTKZKn4k=",
        "owner": "Gerg-L",
        "repo": "mnw",
        "rev": "332fed8f43b77149c582f1782683d6aeee1f07cf",
        "type": "github"
      },
      "original": {
        "owner": "Gerg-L",
        "repo": "mnw",
        "type": "github"
      }
    },
    "ndg": {
      "inputs": {
        "nixpkgs": [
          "nvf",
          "nixpkgs"
        ]
      },
      "locked": {
        "lastModified": 1768214250,
        "narHash": "sha256-hnBZDQWUxJV3KbtvyGW5BKLO/fAwydrxm5WHCWMQTbw=",
        "owner": "feel-co",
        "repo": "ndg",
        "rev": "a6bd3c1ce2668d096e4fdaaa03ad7f03ba1fbca8",
        "type": "github"
      },
      "original": {
        "owner": "feel-co",
        "ref": "refs/tags/v2.6.0",
        "repo": "ndg",
        "type": "github"
      }
    },
    "nix": {
      "inputs": {
        "flake-parts": "flake-parts_2",
        "git-hooks-nix": "git-hooks-nix",
        "nixpkgs": "nixpkgs",
        "nixpkgs-23-11": "nixpkgs-23-11",
        "nixpkgs-regression": "nixpkgs-regression"
      },
      "locked": {
        "lastModified": 1768960381,
        "narHash": "sha256-32oMe1y+kwvIJNiJsIvozTuSmDxcwST06i+0ak+L4AU=",
        "rev": "45ce621408cb8c9a724193d5fe858eb839662db8",
        "revCount": 24453,
        "type": "tarball",
        "url": "https://api.flakehub.com/f/pinned/DeterminateSystems/nix-src/3.15.2/019bde75-b4ee-74b2-a812-28dc2ee83d58/source.tar.gz"
      },
      "original": {
        "type": "tarball",
        "url": "https://flakehub.com/f/DeterminateSystems/nix-src/%2A"
      }
    },
    "nix-darwin": {
      "inputs": {
        "nixpkgs": [
          "nixpkgs"
        ]
      },
      "locked": {
        "lastModified": 1770184146,
        "narHash": "sha256-DsqnN6LvXmohTRaal7tVZO/AKBuZ02kPBiZKSU4qa/k=",
        "owner": "nix-darwin",
        "repo": "nix-darwin",
        "rev": "0d7874ef7e3ba02d58bebb871e6e29da36fa1b37",
        "type": "github"
      },
      "original": {
        "owner": "nix-darwin",
        "repo": "nix-darwin",
        "type": "github"
      }
    },
    "nix4vscode": {
      "inputs": {
        "nixpkgs": [
          "nixpkgs"
        ],
        "systems": [
          "systems"
        ]
      },
      "locked": {
        "lastModified": 1770431980,
        "narHash": "sha256-eEUlQvXjmAiGGZ335EzDXfu3UKvjBti4G6iTxSzeCDI=",
        "owner": "nix-community",
        "repo": "nix4vscode",
        "rev": "a0c43a20777ba1deb286bd059fc4d4ad6ab587c7",
        "type": "github"
      },
      "original": {
        "owner": "nix-community",
        "repo": "nix4vscode",
        "type": "github"
      }
    },
    "nixpkgs": {
      "locked": {
        "lastModified": 1767313136,
        "narHash": "sha256-16KkgfdYqjaeRGBaYsNrhPRRENs0qzkQVUooNHtoy2w=",
        "rev": "ac62194c3917d5f474c1a844b6fd6da2db95077d",
        "revCount": 813814,
        "type": "tarball",
        "url": "https://api.flakehub.com/f/pinned/NixOS/nixpkgs/0.2505.813814%2Brev-ac62194c3917d5f474c1a844b6fd6da2db95077d/019b95ad-fc44-71ef-a5c4-3328eb74a196/source.tar.gz"
      },
      "original": {
        "type": "tarball",
        "url": "https://flakehub.com/f/NixOS/nixpkgs/0.2505"
      }
    },
    "nixpkgs-23-11": {
      "locked": {
        "lastModified": 1717159533,
        "narHash": "sha256-oamiKNfr2MS6yH64rUn99mIZjc45nGJlj9eGth/3Xuw=",
        "owner": "NixOS",
        "repo": "nixpkgs",
        "rev": "a62e6edd6d5e1fa0329b8653c801147986f8d446",
        "type": "github"
      },
      "original": {
        "owner": "NixOS",
        "repo": "nixpkgs",
        "rev": "a62e6edd6d5e1fa0329b8653c801147986f8d446",
        "type": "github"
      }
    },
    "nixpkgs-regression": {
      "locked": {
        "lastModified": 1643052045,
        "narHash": "sha256-uGJ0VXIhWKGXxkeNnq4TvV3CIOkUJ3PAoLZ3HMzNVMw=",
        "owner": "NixOS",
        "repo": "nixpkgs",
        "rev": "215d4d0fd80ca5163643b03a33fde804a29cc1e2",
        "type": "github"
      },
      "original": {
        "owner": "NixOS",
        "repo": "nixpkgs",
        "rev": "215d4d0fd80ca5163643b03a33fde804a29cc1e2",
        "type": "github"
      }
    },
    "nixpkgs_2": {
      "locked": {
        "lastModified": 1770073757,
        "narHash": "sha256-Vy+G+F+3E/Tl+GMNgiHl9Pah2DgShmIUBJXmbiQPHbI=",
        "rev": "47472570b1e607482890801aeaf29bfb749884f6",
        "revCount": 939290,
        "type": "tarball",
        "url": "https://api.flakehub.com/f/pinned/DeterminateSystems/nixpkgs-weekly/0.1.939290%2Brev-47472570b1e607482890801aeaf29bfb749884f6/019c220b-311d-7d52-b63d-0d54cb2365f4/source.tar.gz"
      },
      "original": {
        "type": "tarball",
        "url": "https://flakehub.com/f/DeterminateSystems/nixpkgs-weekly/0.1"
      }
    },
    "nixpkgs_3": {
      "locked": {
        "lastModified": 1770197578,
        "narHash": "sha256-AYqlWrX09+HvGs8zM6ebZ1pwUqjkfpnv8mewYwAo+iM=",
        "owner": "NixOS",
        "repo": "nixpkgs",
        "rev": "00c21e4c93d963c50d4c0c89bfa84ed6e0694df2",
        "type": "github"
      },
      "original": {
        "owner": "NixOS",
        "ref": "nixos-unstable",
        "repo": "nixpkgs",
        "type": "github"
      }
    },
    "nur": {
      "inputs": {
        "flake-parts": [
          "stylix",
          "flake-parts"
        ],
        "nixpkgs": [
          "stylix",
          "nixpkgs"
        ]
      },
      "locked": {
        "lastModified": 1767810917,
        "narHash": "sha256-ZKqhk772+v/bujjhla9VABwcvz+hB2IaRyeLT6CFnT0=",
        "owner": "nix-community",
        "repo": "NUR",
        "rev": "dead29c804adc928d3a69dfe7f9f12d0eec1f1a4",
        "type": "github"
      },
      "original": {
        "owner": "nix-community",
        "repo": "NUR",
        "type": "github"
      }
    },
    "nur-rycee": {
      "inputs": {
        "nixpkgs": [
          "nixpkgs"
        ]
      },
      "locked": {
        "dir": "pkgs/firefox-addons",
        "lastModified": 1769400223,
        "narHash": "sha256-YJRz6mriRWr5wGftEwm8KFRKtu6ZgsX21NYeXVKGd9M=",
        "owner": "~rycee",
        "repo": "nur-expressions",
        "rev": "25dae404070232baab384b281dbdc8eb70f37ad0",
        "type": "sourcehut"
      },
      "original": {
        "dir": "pkgs/firefox-addons",
        "owner": "~rycee",
        "repo": "nur-expressions",
        "type": "sourcehut"
      }
    },
    "nvf": {
      "inputs": {
        "flake-compat": "flake-compat_3",
        "flake-parts": [
          "flake-parts"
        ],
        "mnw": "mnw",
        "ndg": "ndg",
        "nixpkgs": [
          "nixpkgs"
        ],
        "systems": [
          "systems"
        ]
      },
      "locked": {
        "lastModified": 1770213521,
        "narHash": "sha256-ZUGJ3xZQfDcKCSBi0Qw7pSXWc2zkU8SxDJfsA7Uv8JI=",
        "owner": "NotAShelf",
        "repo": "nvf",
        "rev": "9da5d517406c35b5bf738f446e5e51237f27b655",
        "type": "github"
      },
      "original": {
        "owner": "NotAShelf",
        "repo": "nvf",
        "type": "github"
      }
    },
    "pre-commit-hooks": {
      "inputs": {
        "flake-compat": "flake-compat",
        "gitignore": "gitignore",
        "nixpkgs": [
          "agenix-rekey",
          "nixpkgs"
        ]
      },
      "locked": {
        "lastModified": 1735882644,
        "narHash": "sha256-3FZAG+pGt3OElQjesCAWeMkQ7C/nB1oTHLRQ8ceP110=",
        "owner": "cachix",
        "repo": "pre-commit-hooks.nix",
        "rev": "a5a961387e75ae44cc20f0a57ae463da5e959656",
        "type": "github"
      },
      "original": {
        "owner": "cachix",
        "repo": "pre-commit-hooks.nix",
        "type": "github"
      }
    },
    "root": {
      "inputs": {
        "agenix": "agenix",
        "agenix-rekey": "agenix-rekey",
        "determinate": "determinate",
        "disko": "disko",
        "firefox-betterfox": "firefox-betterfox",
        "firefox-ui-fix": "firefox-ui-fix",
        "flake-parts": "flake-parts_3",
        "home-manager": "home-manager",
        "nix-darwin": "nix-darwin",
        "nix4vscode": "nix4vscode",
        "nixpkgs": "nixpkgs_3",
        "nur-rycee": "nur-rycee",
        "nvf": "nvf",
        "spicetify-nix": "spicetify-nix",
        "stylix": "stylix",
        "systems": "systems"
      }
    },
    "spicetify-nix": {
      "inputs": {
        "nixpkgs": [
          "nixpkgs"
        ],
        "systems": [
          "systems"
        ]
      },
      "locked": {
        "lastModified": 1769986820,
        "narHash": "sha256-O9OQ44dk9TJdtRIG828DUI54XdkfZET7AlN1RgTsPis=",
        "owner": "Gerg-L",
        "repo": "spicetify-nix",
        "rev": "68de6434cfaa8983f3775b858b8b76e7c5dbd29c",
        "type": "github"
      },
      "original": {
        "owner": "Gerg-L",
        "repo": "spicetify-nix",
        "type": "github"
      }
    },
    "stylix": {
      "inputs": {
        "base16": "base16",
        "base16-fish": "base16-fish",
        "base16-helix": "base16-helix",
        "base16-vim": "base16-vim",
        "firefox-gnome-theme": "firefox-gnome-theme",
        "flake-parts": [
          "flake-parts"
        ],
        "gnome-shell": "gnome-shell",
        "nixpkgs": [
          "nixpkgs"
        ],
        "nur": "nur",
        "systems": [
          "systems"
        ],
        "tinted-foot": "tinted-foot",
        "tinted-kitty": "tinted-kitty",
        "tinted-schemes": "tinted-schemes",
        "tinted-tmux": "tinted-tmux",
        "tinted-zed": "tinted-zed"
      },
      "locked": {
        "lastModified": 1770382623,
        "narHash": "sha256-NB9j2JsIcSPcY7FzzoIqJA04p4xSdJpgyLAwzzzncpc=",
        "owner": "nix-community",
        "repo": "stylix",
        "rev": "05c798e0074296df9bfc6ef3df0e936b878b835a",
        "type": "github"
      },
      "original": {
        "owner": "nix-community",
        "repo": "stylix",
        "type": "github"
      }
    },
    "systems": {
      "locked": {
        "lastModified": 1681028828,
        "narHash": "sha256-Vy1rq5AaRuLzOxct8nz4T6wlgyUR7zLU309k9mBC768=",
        "owner": "nix-systems",
        "repo": "default",
        "rev": "da67096a3b9bf56a91d16901293e51ba5b49a27e",
        "type": "github"
      },
      "original": {
        "owner": "nix-systems",
        "repo": "default",
        "type": "github"
      }
    },
    "tinted-foot": {
      "flake": false,
      "locked": {
        "lastModified": 1726913040,
        "narHash": "sha256-+eDZPkw7efMNUf3/Pv0EmsidqdwNJ1TaOum6k7lngDQ=",
        "owner": "tinted-theming",
        "repo": "tinted-foot",
        "rev": "fd1b924b6c45c3e4465e8a849e67ea82933fcbe4",
        "type": "github"
      },
      "original": {
        "owner": "tinted-theming",
        "repo": "tinted-foot",
        "rev": "fd1b924b6c45c3e4465e8a849e67ea82933fcbe4",
        "type": "github"
      }
    },
    "tinted-kitty": {
      "flake": false,
      "locked": {
        "lastModified": 1735730497,
        "narHash": "sha256-4KtB+FiUzIeK/4aHCKce3V9HwRvYaxX+F1edUrfgzb8=",
        "owner": "tinted-theming",
        "repo": "tinted-kitty",
        "rev": "de6f888497f2c6b2279361bfc790f164bfd0f3fa",
        "type": "github"
      },
      "original": {
        "owner": "tinted-theming",
        "repo": "tinted-kitty",
        "type": "github"
      }
    },
    "tinted-schemes": {
      "flake": false,
      "locked": {
        "lastModified": 1767710407,
        "narHash": "sha256-+W1EB79Jl0/gm4JqmO0Nuc5C7hRdp4vfsV/VdzI+des=",
        "owner": "tinted-theming",
        "repo": "schemes",
        "rev": "2800e2b8ac90f678d7e4acebe4fa253f602e05b2",
        "type": "github"
      },
      "original": {
        "owner": "tinted-theming",
        "repo": "schemes",
        "type": "github"
      }
    },
    "tinted-tmux": {
      "flake": false,
      "locked": {
        "lastModified": 1767489635,
        "narHash": "sha256-e6nnFnWXKBCJjCv4QG4bbcouJ6y3yeT70V9MofL32lU=",
        "owner": "tinted-theming",
        "repo": "tinted-tmux",
        "rev": "3c32729ccae99be44fe8a125d20be06f8d7d8184",
        "type": "github"
      },
      "original": {
        "owner": "tinted-theming",
        "repo": "tinted-tmux",
        "type": "github"
      }
    },
    "tinted-zed": {
      "flake": false,
      "locked": {
        "lastModified": 1767488740,
        "narHash": "sha256-wVOj0qyil8m+ouSsVZcNjl5ZR+1GdOOAooAatQXHbuU=",
        "owner": "tinted-theming",
        "repo": "base16-zed",
        "rev": "11abb0b282ad3786a2aae088d3a01c60916f2e40",
        "type": "github"
      },
      "original": {
        "owner": "tinted-theming",
        "repo": "base16-zed",
        "type": "github"
      }
    },
    "treefmt-nix": {
      "inputs": {
        "nixpkgs": [
          "agenix-rekey",
          "nixpkgs"
        ]
      },
      "locked": {
        "lastModified": 1735135567,
        "narHash": "sha256-8T3K5amndEavxnludPyfj3Z1IkcFdRpR23q+T0BVeZE=",
        "owner": "numtide",
        "repo": "treefmt-nix",
        "rev": "9e09d30a644c57257715902efbb3adc56c79cf28",
        "type": "github"
      },
      "original": {
        "owner": "numtide",
        "repo": "treefmt-nix",
        "type": "github"
      }
    }
  },
  "root": "root",
  "version": 7
}
