{
  "nodes": {
    "firefox-betterfox": {
      "flake": false,
      "locked": {
        "lastModified": 1769104536,
        "narHash": "sha256-D2MIFdYMS3xrfO2vDYjCmC3Ah96jg5XUzvwMX3xJQBo=",
        "owner": "yokoffing",
        "repo": "Betterfox",
        "rev": "310cbdee6ca20eb881749a559cb572ce9272a981",
        "type": "github"
      },
      "original": {
        "owner": "yokoffing",
        "repo": "Betterfox",
        "type": "github"
      }
    },
    "firefox-ui-fix": {
      "flake": false,
      "locked": {
        "lastModified": 1770336372,
        "narHash": "sha256-024NEDiKxlmXeeHiw6d5DYA1SMd0nTzYo+XFklqUvAQ=",
        "owner": "black7375",
        "repo": "Firefox-UI-Fix",
        "rev": "2303f28070a60eb4a4a848001d37a84f3ac37acb",
        "type": "github"
      },
      "original": {
        "owner": "black7375",
        "repo": "Firefox-UI-Fix",
        "type": "github"
      }
    },
    "root": {
      "inputs": {
        "firefox-betterfox": "firefox-betterfox",
        "firefox-ui-fix": "firefox-ui-fix"
      }
    }
  },
  "root": "root",
  "version": 7
}
