{
  "nodes": {
    "cpu-microcodes": {
      "flake": false,
      "locked": {
        "lastModified": 1766418802,
        "narHash": "sha256-s3VRbTEAKDStcrwrbzgI9Aar0VV1vTc7JSzxqBvQ05s=",
        "owner": "platomav",
        "repo": "CPUMicrocodes",
        "rev": "8bdf34aec2052ab12ae017eb21fe395f6329f6c4",
        "type": "github"
      },
      "original": {
        "owner": "platomav",
        "repo": "CPUMicrocodes",
        "rev": "8bdf34aec2052ab12ae017eb21fe395f6329f6c4",
        "type": "github"
      }
    },
    "nixos-hardware": {
      "locked": {
        "lastModified": 1769302137,
        "narHash": "sha256-QEDtctEkOsbx8nlFh4yqPEOtr4tif6KTqWwJ37IM2ds=",
        "owner": "NixOS",
        "repo": "nixos-hardware",
        "rev": "a351494b0e35fd7c0b7a1aae82f0afddf4907aa8",
        "type": "github"
      },
      "original": {
        "owner": "NixOS",
        "repo": "nixos-hardware",
        "type": "github"
      }
    },
    "root": {
      "inputs": {
        "nixos-hardware": "nixos-hardware",
        "ucodenix": "ucodenix"
      }
    },
    "ucodenix": {
      "inputs": {
        "cpu-microcodes": "cpu-microcodes"
      },
      "locked": {
        "lastModified": 1767037051,
        "narHash": "sha256-GXD8yA1A0S+KH6f9D6jDE/G0/NUEtOAf/Z2c1ZWrsJk=",
        "owner": "e-tho",
        "repo": "ucodenix",
        "rev": "8ea2a75e3e46c4268fc55dba197bfd95fd6c2896",
        "type": "github"
      },
      "original": {
        "owner": "e-tho",
        "repo": "ucodenix",
        "type": "github"
      }
    }
  },
  "root": "root",
  "version": 7
}
