{
  "nodes": {
    "cpu-microcodes": {
      "flake": false,
      "locked": {
        "lastModified": 1771074201,
        "narHash": "sha256-imbOaha38ZFij7c6+foZK57zKdPeM+sXOiKPcYhtJyY=",
        "owner": "platomav",
        "repo": "CPUMicrocodes",
        "rev": "8554c59e05ae66661ebd4b33770679313888574f",
        "type": "github"
      },
      "original": {
        "owner": "platomav",
        "repo": "CPUMicrocodes",
        "rev": "8554c59e05ae66661ebd4b33770679313888574f",
        "type": "github"
      }
    },
    "nixos-hardware": {
      "locked": {
        "lastModified": 1772972630,
        "narHash": "sha256-mUJxsNOrBMNOUJzN0pfdVJ1r2pxeqm9gI/yIKXzVVbk=",
        "owner": "NixOS",
        "repo": "nixos-hardware",
        "rev": "3966ce987e1a9a164205ac8259a5fe8a64528f72",
        "type": "github"
      },
      "original": {
        "owner": "NixOS",
        "repo": "nixos-hardware",
        "type": "github"
      }
    },
    "root": {
      "inputs": {
        "nixos-hardware": "nixos-hardware",
        "ucodenix": "ucodenix"
      }
    },
    "ucodenix": {
      "inputs": {
        "cpu-microcodes": "cpu-microcodes"
      },
      "locked": {
        "lastModified": 1771256690,
        "narHash": "sha256-CIRT6IBEfUDJaqZNH77A+kb+f0ajopSTNSpMT2Ae95U=",
        "owner": "e-tho",
        "repo": "ucodenix",
        "rev": "a2b36038ce5276cb32a3b5db20423992ecddf3f9",
        "type": "github"
      },
      "original": {
        "owner": "e-tho",
        "repo": "ucodenix",
        "type": "github"
      }
    }
  },
  "root": "root",
  "version": 7
}
