{
  "nodes": {
    "cpu-microcodes": {
      "flake": false,
      "locked": {
        "lastModified": 1781125738,
        "narHash": "sha256-6KfmnLufkUJUE7+ziD/ucgdsOpx8aYmiepRq6y/wcwE=",
        "owner": "platomav",
        "repo": "CPUMicrocodes",
        "rev": "49aa6bd56d1019c1e8b47321d2eb66913a2da876",
        "type": "github"
      },
      "original": {
        "owner": "platomav",
        "repo": "CPUMicrocodes",
        "type": "github"
      }
    },
    "nixos-hardware": {
      "inputs": {
        "nixpkgs": "nixpkgs"
      },
      "locked": {
        "lastModified": 1784100666,
        "narHash": "sha256-HF/mrw5NYQfKFZgkfV2h1UL5/E3ccfsE2XJ1AbbLLJ0=",
        "owner": "NixOS",
        "repo": "nixos-hardware",
        "rev": "fccfa9031a85b78a437f2f153c1f6449f3bc3185",
        "type": "github"
      },
      "original": {
        "owner": "NixOS",
        "repo": "nixos-hardware",
        "type": "github"
      }
    },
    "nixpkgs": {
      "locked": {
        "lastModified": 1767892417,
        "narHash": "sha256-8bW3q88CEg2u4hSP66Vf4lpbLonHz7hqDNBMcCY7E9U=",
        "rev": "3497aa5c9457a9d88d71fa93a4a8368816fbeeba",
        "type": "tarball",
        "url": "https://releases.nixos.org/nixos/unstable/nixos-26.05pre924538.3497aa5c9457/nixexprs.tar.xz"
      },
      "original": {
        "type": "tarball",
        "url": "https://channels.nixos.org/nixos-unstable/nixexprs.tar.xz"
      }
    },
    "root": {
      "inputs": {
        "nixos-hardware": "nixos-hardware",
        "ucodenix": "ucodenix"
      }
    },
    "ucodenix": {
      "inputs": {
        "cpu-microcodes": "cpu-microcodes"
      },
      "locked": {
        "lastModified": 1781629628,
        "narHash": "sha256-k126RCoXFrNy7nwhUq+Ogd4GX0mY4lSzOYyAyndvBys=",
        "owner": "e-tho",
        "repo": "ucodenix",
        "rev": "5c9a1202884f7f455119f35df03c66f6a98ce5f9",
        "type": "github"
      },
      "original": {
        "owner": "e-tho",
        "repo": "ucodenix",
        "type": "github"
      }
    }
  },
  "root": "root",
  "version": 7
}
